
Microsoft Visual Studio Solution File, Format Version 12.00
# Visual Studio Version 16
VisualStudioVersion = 16.0.30709.132
MinimumVisualStudioVersion = 10.0.40219.1
Project("{8BC9CEB8-8B4A-11D0-8D11-00A0C91BC942}") = "announcer", "announcer\announcer.vcxproj", "{BADC359D-7256-486A-9944-66538A396005}"
EndProject
Global
	GlobalSection(SolutionConfigurationPlatforms) = preSolution
		Debug|x64 = Debug|x64
		Debug|x86 = Debug|x86
		Release|x64 = Release|x64
		Release|x86 = Release|x86
	EndGlobalSection
	GlobalSection(ProjectConfigurationPlatforms) = postSolution
		{BADC359D-7256-486A-9944-66538A396005}.Debug|x64.ActiveCfg = Debug|x64
		{BADC359D-7256-486A-9944-66538A396005}.Debug|x64.Build.0 = Debug|x64
		{BADC359D-7256-486A-9944-66538A396005}.Debug|x86.ActiveCfg = Debug|Win32
		{BADC359D-7256-486A-9944-66538A396005}.Debug|x86.Build.0 = Debug|Win32
		{BADC359D-7256-486A-9944-66538A396005}.Release|x64.ActiveCfg = Release|x64
		{BADC359D-7256-486A-9944-66538A396005}.Release|x64.Build.0 = Release|x64
		{BADC359D-7256-486A-9944-66538A396005}.Release|x86.ActiveCfg = Release|Win32
		{BADC359D-7256-486A-9944-66538A396005}.Release|x86.Build.0 = Release|Win32
	EndGlobalSection
	GlobalSection(SolutionProperties) = preSolution
		HideSolutionNode = FALSE
	EndGlobalSection
	GlobalSection(ExtensibilityGlobals) = postSolution
		SolutionGuid = {785CF4DC-003B-4B32-8BA6-04514A1C14D7}
	EndGlobalSection
EndGlobal
